
Microsoft Visual Studio Solution File, Format Version 12.00
# Visual Studio 15
VisualStudioVersion = 15.0.27130.2026
MinimumVisualStudioVersion = 10.0.40219.1
Project("{8BC9CEB8-8B4A-11D0-8D11-00A0C91BC942}") = "ModLoaderCommon", "ModLoaderCommon\ModLoaderCommon.vcxproj", "{EC0293F5-4BCF-46B2-8133-18CAEA141C5B}"
EndProject
Project("{FAE04EC0-301F-11D3-BF4B-00C04F79EFBC}") = "ModManagerCommon", "ModManagerCommon\ModManagerCommon.csproj", "{4A480502-79B5-4E1E-8D67-16C514BB13CD}"
EndProject
Global
	GlobalSection(SolutionConfigurationPlatforms) = preSolution
		Debug|Any CPU = Debug|Any CPU
		Debug|Win32 = Debug|Win32
		Release|Any CPU = Release|Any CPU
		Release|Win32 = Release|Win32
	EndGlobalSection
	GlobalSection(ProjectConfigurationPlatforms) = postSolution
		{EC0293F5-4BCF-46B2-8133-18CAEA141C5B}.Debug|Any CPU.ActiveCfg = Debug|Win32
		{EC0293F5-4BCF-46B2-8133-18CAEA141C5B}.Debug|Win32.ActiveCfg = Debug|Win32
		{EC0293F5-4BCF-46B2-8133-18CAEA141C5B}.Debug|Win32.Build.0 = Debug|Win32
		{EC0293F5-4BCF-46B2-8133-18CAEA141C5B}.Release|Any CPU.ActiveCfg = Release|Win32
		{EC0293F5-4BCF-46B2-8133-18CAEA141C5B}.Release|Win32.ActiveCfg = Release|Win32
		{EC0293F5-4BCF-46B2-8133-18CAEA141C5B}.Release|Win32.Build.0 = Release|Win32
		{4A480502-79B5-4E1E-8D67-16C514BB13CD}.Debug|Any CPU.ActiveCfg = Debug|Any CPU
		{4A480502-79B5-4E1E-8D67-16C514BB13CD}.Debug|Any CPU.Build.0 = Debug|Any CPU
		{4A480502-79B5-4E1E-8D67-16C514BB13CD}.Debug|Win32.ActiveCfg = Debug|Any CPU
		{4A480502-79B5-4E1E-8D67-16C514BB13CD}.Debug|Win32.Build.0 = Debug|Any CPU
		{4A480502-79B5-4E1E-8D67-16C514BB13CD}.Release|Any CPU.ActiveCfg = Release|Any CPU
		{4A480502-79B5-4E1E-8D67-16C514BB13CD}.Release|Any CPU.Build.0 = Release|Any CPU
		{4A480502-79B5-4E1E-8D67-16C514BB13CD}.Release|Win32.ActiveCfg = Release|Any CPU
		{4A480502-79B5-4E1E-8D67-16C514BB13CD}.Release|Win32.Build.0 = Release|Any CPU
	EndGlobalSection
	GlobalSection(SolutionProperties) = preSolution
		HideSolutionNode = FALSE
	EndGlobalSection
	GlobalSection(ExtensibilityGlobals) = postSolution
		SolutionGuid = {1220F2E5-23F7-481B-8FC6-B01679392B62}
	EndGlobalSection
EndGlobal
